
Microsoft Visual Studio Solution File, Format Version 12.00
# Visual Studio Version 16
VisualStudioVersion = 16.0.28803.452
MinimumVisualStudioVersion = 10.0.40219.1
Project("{8BC9CEB8-8B4A-11D0-8D11-00A0C91BC942}") = "01_CreateDevice", "01_CreateDevice\01_CreateDevice.vcxproj", "{F7A0D5FA-BEF8-4D86-B30F-DBFFBAF38F28}"
EndProject
Project("{8BC9CEB8-8B4A-11D0-8D11-00A0C91BC942}") = "02_Vertives", "02_Vertives\02_Vertives.vcxproj", "{B74B48BA-1390-4324-BAC9-6DFFEC95B59A}"
EndProject
Project("{8BC9CEB8-8B4A-11D0-8D11-00A0C91BC942}") = "03_Matrices", "03_Matrices\03_Matrices.vcxproj", "{D5631647-2E93-4A55-A899-773ADD071AC7}"
EndProject
Project("{8BC9CEB8-8B4A-11D0-8D11-00A0C91BC942}") = "04_Lights", "04_Lights\04_Lights.vcxproj", "{6DE561DB-417C-4CDB-B0ED-5B4D2916DB21}"
EndProject
Project("{8BC9CEB8-8B4A-11D0-8D11-00A0C91BC942}") = "07_IndexBuffer", "07_IndexBuffer\07_IndexBuffer.vcxproj", "{4C454BCD-B8F9-4F13-81FD-C49CAC84B110}"
EndProject
Project("{8BC9CEB8-8B4A-11D0-8D11-00A0C91BC942}") = "05_Texture", "05_Texture\05_Texture.vcxproj", "{04E696BE-08D0-4C0B-9922-70848CAE5465}"
EndProject
Project("{8BC9CEB8-8B4A-11D0-8D11-00A0C91BC942}") = "06_Mesh", "06_Mesh\06_Mesh.vcxproj", "{89EFD668-1B4E-4614-AA11-7D8AA53E64E9}"
EndProject
Project("{8BC9CEB8-8B4A-11D0-8D11-00A0C91BC942}") = "MatricesApi", "Matrix_Api\Matrix_Api.vcxproj", "{A1321423-15BA-4762-8A07-07CBC8981B8D}"
EndProject
Project("{8BC9CEB8-8B4A-11D0-8D11-00A0C91BC942}") = "Planet", "Planet\Planet.vcxproj", "{9B36D7D8-2FC9-4843-AC47-A3ADF2F2FEE1}"
EndProject
Global
	GlobalSection(SolutionConfigurationPlatforms) = preSolution
		Debug|x64 = Debug|x64
		Debug|x86 = Debug|x86
		Release|x64 = Release|x64
		Release|x86 = Release|x86
	EndGlobalSection
	GlobalSection(ProjectConfigurationPlatforms) = postSolution
		{F7A0D5FA-BEF8-4D86-B30F-DBFFBAF38F28}.Debug|x64.ActiveCfg = Debug|x64
		{F7A0D5FA-BEF8-4D86-B30F-DBFFBAF38F28}.Debug|x64.Build.0 = Debug|x64
		{F7A0D5FA-BEF8-4D86-B30F-DBFFBAF38F28}.Debug|x86.ActiveCfg = Debug|Win32
		{F7A0D5FA-BEF8-4D86-B30F-DBFFBAF38F28}.Debug|x86.Build.0 = Debug|Win32
		{F7A0D5FA-BEF8-4D86-B30F-DBFFBAF38F28}.Release|x64.ActiveCfg = Release|x64
		{F7A0D5FA-BEF8-4D86-B30F-DBFFBAF38F28}.Release|x64.Build.0 = Release|x64
		{F7A0D5FA-BEF8-4D86-B30F-DBFFBAF38F28}.Release|x86.ActiveCfg = Release|Win32
		{F7A0D5FA-BEF8-4D86-B30F-DBFFBAF38F28}.Release|x86.Build.0 = Release|Win32
		{B74B48BA-1390-4324-BAC9-6DFFEC95B59A}.Debug|x64.ActiveCfg = Debug|x64
		{B74B48BA-1390-4324-BAC9-6DFFEC95B59A}.Debug|x64.Build.0 = Debug|x64
		{B74B48BA-1390-4324-BAC9-6DFFEC95B59A}.Debug|x86.ActiveCfg = Debug|Win32
		{B74B48BA-1390-4324-BAC9-6DFFEC95B59A}.Debug|x86.Build.0 = Debug|Win32
		{B74B48BA-1390-4324-BAC9-6DFFEC95B59A}.Release|x64.ActiveCfg = Release|x64
		{B74B48BA-1390-4324-BAC9-6DFFEC95B59A}.Release|x64.Build.0 = Release|x64
		{B74B48BA-1390-4324-BAC9-6DFFEC95B59A}.Release|x86.ActiveCfg = Release|Win32
		{B74B48BA-1390-4324-BAC9-6DFFEC95B59A}.Release|x86.Build.0 = Release|Win32
		{D5631647-2E93-4A55-A899-773ADD071AC7}.Debug|x64.ActiveCfg = Debug|x64
		{D5631647-2E93-4A55-A899-773ADD071AC7}.Debug|x64.Build.0 = Debug|x64
		{D5631647-2E93-4A55-A899-773ADD071AC7}.Debug|x86.ActiveCfg = Debug|Win32
		{D5631647-2E93-4A55-A899-773ADD071AC7}.Debug|x86.Build.0 = Debug|Win32
		{D5631647-2E93-4A55-A899-773ADD071AC7}.Release|x64.ActiveCfg = Release|x64
		{D5631647-2E93-4A55-A899-773ADD071AC7}.Release|x64.Build.0 = Release|x64
		{D5631647-2E93-4A55-A899-773ADD071AC7}.Release|x86.ActiveCfg = Release|Win32
		{D5631647-2E93-4A55-A899-773ADD071AC7}.Release|x86.Build.0 = Release|Win32
		{6DE561DB-417C-4CDB-B0ED-5B4D2916DB21}.Debug|x64.ActiveCfg = Debug|x64
		{6DE561DB-417C-4CDB-B0ED-5B4D2916DB21}.Debug|x64.Build.0 = Debug|x64
		{6DE561DB-417C-4CDB-B0ED-5B4D2916DB21}.Debug|x86.ActiveCfg = Debug|Win32
		{6DE561DB-417C-4CDB-B0ED-5B4D2916DB21}.Debug|x86.Build.0 = Debug|Win32
		{6DE561DB-417C-4CDB-B0ED-5B4D2916DB21}.Release|x64.ActiveCfg = Release|x64
		{6DE561DB-417C-4CDB-B0ED-5B4D2916DB21}.Release|x64.Build.0 = Release|x64
		{6DE561DB-417C-4CDB-B0ED-5B4D2916DB21}.Release|x86.ActiveCfg = Release|Win32
		{6DE561DB-417C-4CDB-B0ED-5B4D2916DB21}.Release|x86.Build.0 = Release|Win32
		{4C454BCD-B8F9-4F13-81FD-C49CAC84B110}.Debug|x64.ActiveCfg = Debug|x64
		{4C454BCD-B8F9-4F13-81FD-C49CAC84B110}.Debug|x64.Build.0 = Debug|x64
		{4C454BCD-B8F9-4F13-81FD-C49CAC84B110}.Debug|x86.ActiveCfg = Debug|Win32
		{4C454BCD-B8F9-4F13-81FD-C49CAC84B110}.Debug|x86.Build.0 = Debug|Win32
		{4C454BCD-B8F9-4F13-81FD-C49CAC84B110}.Release|x64.ActiveCfg = Release|x64
		{4C454BCD-B8F9-4F13-81FD-C49CAC84B110}.Release|x64.Build.0 = Release|x64
		{4C454BCD-B8F9-4F13-81FD-C49CAC84B110}.Release|x86.ActiveCfg = Release|Win32
		{4C454BCD-B8F9-4F13-81FD-C49CAC84B110}.Release|x86.Build.0 = Release|Win32
		{04E696BE-08D0-4C0B-9922-70848CAE5465}.Debug|x64.ActiveCfg = Debug|x64
		{04E696BE-08D0-4C0B-9922-70848CAE5465}.Debug|x64.Build.0 = Debug|x64
		{04E696BE-08D0-4C0B-9922-70848CAE5465}.Debug|x86.ActiveCfg = Debug|Win32
		{04E696BE-08D0-4C0B-9922-70848CAE5465}.Debug|x86.Build.0 = Debug|Win32
		{04E696BE-08D0-4C0B-9922-70848CAE5465}.Release|x64.ActiveCfg = Release|x64
		{04E696BE-08D0-4C0B-9922-70848CAE5465}.Release|x64.Build.0 = Release|x64
		{04E696BE-08D0-4C0B-9922-70848CAE5465}.Release|x86.ActiveCfg = Release|Win32
		{04E696BE-08D0-4C0B-9922-70848CAE5465}.Release|x86.Build.0 = Release|Win32
		{89EFD668-1B4E-4614-AA11-7D8AA53E64E9}.Debug|x64.ActiveCfg = Debug|x64
		{89EFD668-1B4E-4614-AA11-7D8AA53E64E9}.Debug|x64.Build.0 = Debug|x64
		{89EFD668-1B4E-4614-AA11-7D8AA53E64E9}.Debug|x86.ActiveCfg = Debug|Win32
		{89EFD668-1B4E-4614-AA11-7D8AA53E64E9}.Debug|x86.Build.0 = Debug|Win32
		{89EFD668-1B4E-4614-AA11-7D8AA53E64E9}.Release|x64.ActiveCfg = Release|x64
		{89EFD668-1B4E-4614-AA11-7D8AA53E64E9}.Release|x64.Build.0 = Release|x64
		{89EFD668-1B4E-4614-AA11-7D8AA53E64E9}.Release|x86.ActiveCfg = Release|Win32
		{89EFD668-1B4E-4614-AA11-7D8AA53E64E9}.Release|x86.Build.0 = Release|Win32
		{A1321423-15BA-4762-8A07-07CBC8981B8D}.Debug|x64.ActiveCfg = Debug|x64
		{A1321423-15BA-4762-8A07-07CBC8981B8D}.Debug|x64.Build.0 = Debug|x64
		{A1321423-15BA-4762-8A07-07CBC8981B8D}.Debug|x86.ActiveCfg = Debug|Win32
		{A1321423-15BA-4762-8A07-07CBC8981B8D}.Debug|x86.Build.0 = Debug|Win32
		{A1321423-15BA-4762-8A07-07CBC8981B8D}.Release|x64.ActiveCfg = Release|x64
		{A1321423-15BA-4762-8A07-07CBC8981B8D}.Release|x64.Build.0 = Release|x64
		{A1321423-15BA-4762-8A07-07CBC8981B8D}.Release|x86.ActiveCfg = Release|Win32
		{A1321423-15BA-4762-8A07-07CBC8981B8D}.Release|x86.Build.0 = Release|Win32
		{9B36D7D8-2FC9-4843-AC47-A3ADF2F2FEE1}.Debug|x64.ActiveCfg = Debug|x64
		{9B36D7D8-2FC9-4843-AC47-A3ADF2F2FEE1}.Debug|x64.Build.0 = Debug|x64
		{9B36D7D8-2FC9-4843-AC47-A3ADF2F2FEE1}.Debug|x86.ActiveCfg = Debug|Win32
		{9B36D7D8-2FC9-4843-AC47-A3ADF2F2FEE1}.Debug|x86.Build.0 = Debug|Win32
		{9B36D7D8-2FC9-4843-AC47-A3ADF2F2FEE1}.Release|x64.ActiveCfg = Release|x64
		{9B36D7D8-2FC9-4843-AC47-A3ADF2F2FEE1}.Release|x64.Build.0 = Release|x64
		{9B36D7D8-2FC9-4843-AC47-A3ADF2F2FEE1}.Release|x86.ActiveCfg = Release|Win32
		{9B36D7D8-2FC9-4843-AC47-A3ADF2F2FEE1}.Release|x86.Build.0 = Release|Win32
	EndGlobalSection
	GlobalSection(SolutionProperties) = preSolution
		HideSolutionNode = FALSE
	EndGlobalSection
	GlobalSection(ExtensibilityGlobals) = postSolution
		SolutionGuid = {33CADE1E-CDA9-4B4C-AB3D-72D68B1C03B7}
	EndGlobalSection
EndGlobal
