
Microsoft Visual Studio Solution File, Format Version 12.00
# Visual Studio Version 16
VisualStudioVersion = 16.0.29215.179
MinimumVisualStudioVersion = 10.0.40219.1
Project("{8BC9CEB8-8B4A-11D0-8D11-00A0C91BC942}") = "OmokProjectClient", "OmokProjectClient\OmokProject.vcxproj", "{FB5E0974-F0E0-437A-A335-9FA47AFA6F1E}"
	ProjectSection(ProjectDependencies) = postProject
		{74AF9E77-4BD5-4AEC-BF5C-63CA2A61EE43} = {74AF9E77-4BD5-4AEC-BF5C-63CA2A61EE43}
	EndProjectSection
EndProject
Project("{8BC9CEB8-8B4A-11D0-8D11-00A0C91BC942}") = "StaticWinApiLib", "StaticWinApiLib\StaticWinApiLib.vcxproj", "{74AF9E77-4BD5-4AEC-BF5C-63CA2A61EE43}"
EndProject
Global
	GlobalSection(SolutionConfigurationPlatforms) = preSolution
		Debug|x64 = Debug|x64
		Debug|x86 = Debug|x86
		Release|x64 = Release|x64
		Release|x86 = Release|x86
	EndGlobalSection
	GlobalSection(ProjectConfigurationPlatforms) = postSolution
		{FB5E0974-F0E0-437A-A335-9FA47AFA6F1E}.Debug|x64.ActiveCfg = Debug|x64
		{FB5E0974-F0E0-437A-A335-9FA47AFA6F1E}.Debug|x64.Build.0 = Debug|x64
		{FB5E0974-F0E0-437A-A335-9FA47AFA6F1E}.Debug|x86.ActiveCfg = Debug|Win32
		{FB5E0974-F0E0-437A-A335-9FA47AFA6F1E}.Debug|x86.Build.0 = Debug|Win32
		{FB5E0974-F0E0-437A-A335-9FA47AFA6F1E}.Release|x64.ActiveCfg = Release|x64
		{FB5E0974-F0E0-437A-A335-9FA47AFA6F1E}.Release|x64.Build.0 = Release|x64
		{FB5E0974-F0E0-437A-A335-9FA47AFA6F1E}.Release|x86.ActiveCfg = Release|Win32
		{FB5E0974-F0E0-437A-A335-9FA47AFA6F1E}.Release|x86.Build.0 = Release|Win32
		{74AF9E77-4BD5-4AEC-BF5C-63CA2A61EE43}.Debug|x64.ActiveCfg = Debug|x64
		{74AF9E77-4BD5-4AEC-BF5C-63CA2A61EE43}.Debug|x64.Build.0 = Debug|x64
		{74AF9E77-4BD5-4AEC-BF5C-63CA2A61EE43}.Debug|x86.ActiveCfg = Debug|Win32
		{74AF9E77-4BD5-4AEC-BF5C-63CA2A61EE43}.Debug|x86.Build.0 = Debug|Win32
		{74AF9E77-4BD5-4AEC-BF5C-63CA2A61EE43}.Release|x64.ActiveCfg = Release|x64
		{74AF9E77-4BD5-4AEC-BF5C-63CA2A61EE43}.Release|x64.Build.0 = Release|x64
		{74AF9E77-4BD5-4AEC-BF5C-63CA2A61EE43}.Release|x86.ActiveCfg = Release|Win32
		{74AF9E77-4BD5-4AEC-BF5C-63CA2A61EE43}.Release|x86.Build.0 = Release|Win32
	EndGlobalSection
	GlobalSection(SolutionProperties) = preSolution
		HideSolutionNode = FALSE
	EndGlobalSection
	GlobalSection(ExtensibilityGlobals) = postSolution
		SolutionGuid = {EAB26AFF-07FC-434C-A5AB-CDAFCE016244}
	EndGlobalSection
EndGlobal
