
Microsoft Visual Studio Solution File, Format Version 12.00
# Visual Studio 15
VisualStudioVersion = 15.0.28010.2026
MinimumVisualStudioVersion = 10.0.40219.1
Project("{8BC9CEB8-8B4A-11D0-8D11-00A0C91BC942}") = "August_First_week", "Project2\Project2.vcxproj", "{41539395-07FC-4A54-A320-4A7CB5ED0FB2}"
EndProject
Project("{8BC9CEB8-8B4A-11D0-8D11-00A0C91BC942}") = "August_Second_week", "August_Second_week\August_Second_week.vcxproj", "{EA9B77A0-B3A8-4203-B0DD-1469F1F77BB5}"
EndProject
Project("{8BC9CEB8-8B4A-11D0-8D11-00A0C91BC942}") = "FallingStarGame_verClass", "FallingStarGame_verClass\FallingStarGame_verClass.vcxproj", "{A39F80F2-1ACB-4C3A-8508-2BB6538D984E}"
EndProject
Project("{8BC9CEB8-8B4A-11D0-8D11-00A0C91BC942}") = "GradeCpp", "GradeCpp\GradeCpp.vcxproj", "{7C54A87E-4D92-466B-A78F-779A45DC0F88}"
EndProject
Project("{8BC9CEB8-8B4A-11D0-8D11-00A0C91BC942}") = "SnakeGame", "SnakeGame\SnakeGame.vcxproj", "{E71DA3B0-F675-4AFA-8026-4027B05C5E6B}"
EndProject
Project("{8BC9CEB8-8B4A-11D0-8D11-00A0C91BC942}") = "OldGameProject", "OldGameProject\OldGameProject.vcxproj", "{2EDF0390-92D6-4F98-9B1E-88E8E36AB572}"
EndProject
Global
	GlobalSection(SolutionConfigurationPlatforms) = preSolution
		Debug|x64 = Debug|x64
		Debug|x86 = Debug|x86
		Release|x64 = Release|x64
		Release|x86 = Release|x86
	EndGlobalSection
	GlobalSection(ProjectConfigurationPlatforms) = postSolution
		{41539395-07FC-4A54-A320-4A7CB5ED0FB2}.Debug|x64.ActiveCfg = Debug|x64
		{41539395-07FC-4A54-A320-4A7CB5ED0FB2}.Debug|x64.Build.0 = Debug|x64
		{41539395-07FC-4A54-A320-4A7CB5ED0FB2}.Debug|x86.ActiveCfg = Debug|Win32
		{41539395-07FC-4A54-A320-4A7CB5ED0FB2}.Debug|x86.Build.0 = Debug|Win32
		{41539395-07FC-4A54-A320-4A7CB5ED0FB2}.Release|x64.ActiveCfg = Release|x64
		{41539395-07FC-4A54-A320-4A7CB5ED0FB2}.Release|x64.Build.0 = Release|x64
		{41539395-07FC-4A54-A320-4A7CB5ED0FB2}.Release|x86.ActiveCfg = Release|Win32
		{41539395-07FC-4A54-A320-4A7CB5ED0FB2}.Release|x86.Build.0 = Release|Win32
		{EA9B77A0-B3A8-4203-B0DD-1469F1F77BB5}.Debug|x64.ActiveCfg = Debug|x64
		{EA9B77A0-B3A8-4203-B0DD-1469F1F77BB5}.Debug|x64.Build.0 = Debug|x64
		{EA9B77A0-B3A8-4203-B0DD-1469F1F77BB5}.Debug|x86.ActiveCfg = Debug|Win32
		{EA9B77A0-B3A8-4203-B0DD-1469F1F77BB5}.Debug|x86.Build.0 = Debug|Win32
		{EA9B77A0-B3A8-4203-B0DD-1469F1F77BB5}.Release|x64.ActiveCfg = Release|x64
		{EA9B77A0-B3A8-4203-B0DD-1469F1F77BB5}.Release|x64.Build.0 = Release|x64
		{EA9B77A0-B3A8-4203-B0DD-1469F1F77BB5}.Release|x86.ActiveCfg = Release|Win32
		{EA9B77A0-B3A8-4203-B0DD-1469F1F77BB5}.Release|x86.Build.0 = Release|Win32
		{A39F80F2-1ACB-4C3A-8508-2BB6538D984E}.Debug|x64.ActiveCfg = Debug|x64
		{A39F80F2-1ACB-4C3A-8508-2BB6538D984E}.Debug|x64.Build.0 = Debug|x64
		{A39F80F2-1ACB-4C3A-8508-2BB6538D984E}.Debug|x86.ActiveCfg = Debug|Win32
		{A39F80F2-1ACB-4C3A-8508-2BB6538D984E}.Debug|x86.Build.0 = Debug|Win32
		{A39F80F2-1ACB-4C3A-8508-2BB6538D984E}.Release|x64.ActiveCfg = Release|x64
		{A39F80F2-1ACB-4C3A-8508-2BB6538D984E}.Release|x64.Build.0 = Release|x64
		{A39F80F2-1ACB-4C3A-8508-2BB6538D984E}.Release|x86.ActiveCfg = Release|Win32
		{A39F80F2-1ACB-4C3A-8508-2BB6538D984E}.Release|x86.Build.0 = Release|Win32
		{7C54A87E-4D92-466B-A78F-779A45DC0F88}.Debug|x64.ActiveCfg = Debug|x64
		{7C54A87E-4D92-466B-A78F-779A45DC0F88}.Debug|x64.Build.0 = Debug|x64
		{7C54A87E-4D92-466B-A78F-779A45DC0F88}.Debug|x86.ActiveCfg = Debug|Win32
		{7C54A87E-4D92-466B-A78F-779A45DC0F88}.Debug|x86.Build.0 = Debug|Win32
		{7C54A87E-4D92-466B-A78F-779A45DC0F88}.Release|x64.ActiveCfg = Release|x64
		{7C54A87E-4D92-466B-A78F-779A45DC0F88}.Release|x64.Build.0 = Release|x64
		{7C54A87E-4D92-466B-A78F-779A45DC0F88}.Release|x86.ActiveCfg = Release|Win32
		{7C54A87E-4D92-466B-A78F-779A45DC0F88}.Release|x86.Build.0 = Release|Win32
		{E71DA3B0-F675-4AFA-8026-4027B05C5E6B}.Debug|x64.ActiveCfg = Debug|x64
		{E71DA3B0-F675-4AFA-8026-4027B05C5E6B}.Debug|x64.Build.0 = Debug|x64
		{E71DA3B0-F675-4AFA-8026-4027B05C5E6B}.Debug|x86.ActiveCfg = Debug|Win32
		{E71DA3B0-F675-4AFA-8026-4027B05C5E6B}.Debug|x86.Build.0 = Debug|Win32
		{E71DA3B0-F675-4AFA-8026-4027B05C5E6B}.Release|x64.ActiveCfg = Release|x64
		{E71DA3B0-F675-4AFA-8026-4027B05C5E6B}.Release|x64.Build.0 = Release|x64
		{E71DA3B0-F675-4AFA-8026-4027B05C5E6B}.Release|x86.ActiveCfg = Release|Win32
		{E71DA3B0-F675-4AFA-8026-4027B05C5E6B}.Release|x86.Build.0 = Release|Win32
		{2EDF0390-92D6-4F98-9B1E-88E8E36AB572}.Debug|x64.ActiveCfg = Debug|x64
		{2EDF0390-92D6-4F98-9B1E-88E8E36AB572}.Debug|x64.Build.0 = Debug|x64
		{2EDF0390-92D6-4F98-9B1E-88E8E36AB572}.Debug|x86.ActiveCfg = Debug|Win32
		{2EDF0390-92D6-4F98-9B1E-88E8E36AB572}.Debug|x86.Build.0 = Debug|Win32
		{2EDF0390-92D6-4F98-9B1E-88E8E36AB572}.Release|x64.ActiveCfg = Release|x64
		{2EDF0390-92D6-4F98-9B1E-88E8E36AB572}.Release|x64.Build.0 = Release|x64
		{2EDF0390-92D6-4F98-9B1E-88E8E36AB572}.Release|x86.ActiveCfg = Release|Win32
		{2EDF0390-92D6-4F98-9B1E-88E8E36AB572}.Release|x86.Build.0 = Release|Win32
	EndGlobalSection
	GlobalSection(SolutionProperties) = preSolution
		HideSolutionNode = FALSE
	EndGlobalSection
	GlobalSection(ExtensibilityGlobals) = postSolution
		SolutionGuid = {911CA83A-5F5C-4E74-8BF7-1418E77C060A}
	EndGlobalSection
EndGlobal
