<?xml version="1.0" encoding="utf-8"?>
<Project ToolsVersion="4.0" xmlns="http://schemas.microsoft.com/developer/msbuild/2003">
  <ItemGroup>
    <Filter Include="Resource">
      <UniqueIdentifier>{e52bbc23-ef1c-447d-acb1-55d8b02b73c3}</UniqueIdentifier>
    </Filter>
    <Filter Include="Physics">
      <UniqueIdentifier>{1825101e-e43b-4dd1-8cdd-81f6869cc1ae}</UniqueIdentifier>
    </Filter>
    <Filter Include="UI">
      <UniqueIdentifier>{c9b01a9d-06a2-49a6-bc52-034163ca4683}</UniqueIdentifier>
    </Filter>
    <Filter Include="Component">
      <UniqueIdentifier>{54484118-6ded-4154-9576-15adba6ea40b}</UniqueIdentifier>
    </Filter>
  </ItemGroup>
  <ItemGroup>
    <ClCompile Include="FontManager.cpp">
      <Filter>Resource</Filter>
    </ClCompile>
    <ClCompile Include="Physics.cpp">
      <Filter>Physics</Filter>
    </ClCompile>
    <ClCompile Include="UIButton.cpp">
      <Filter>UI</Filter>
    </ClCompile>
    <ClCompile Include="SpriteRenderer.cpp">
      <Filter>Resource</Filter>
    </ClCompile>
    <ClCompile Include="Tile.cpp">
      <Filter>Component</Filter>
    </ClCompile>
    <ClCompile Include="BitMap.cpp">
      <Filter>Resource</Filter>
    </ClCompile>
    <ClCompile Include="ResourceManager.cpp">
      <Filter>Resource</Filter>
    </ClCompile>
    <ClCompile Include="Vector2D.cpp">
      <Filter>Physics</Filter>
    </ClCompile>
    <ClCompile Include="Collider2D.cpp">
      <Filter>Physics</Filter>
    </ClCompile>
    <ClCompile Include="Transform.cpp">
      <Filter>Physics</Filter>
    </ClCompile>
    <ClCompile Include="FileStreamManager.cpp" />
    <ClCompile Include="YRect.cpp" />
    <ClCompile Include="Animator.cpp">
      <Filter>Resource</Filter>
    </ClCompile>
  </ItemGroup>
  <ItemGroup>
    <ClInclude Include="FontManager.h">
      <Filter>Resource</Filter>
    </ClInclude>
    <ClInclude Include="BitMap.h">
      <Filter>Resource</Filter>
    </ClInclude>
    <ClInclude Include="UIButton.h">
      <Filter>UI</Filter>
    </ClInclude>
    <ClInclude Include="SpriteRenderer.h">
      <Filter>Resource</Filter>
    </ClInclude>
    <ClInclude Include="Tile.h">
      <Filter>Component</Filter>
    </ClInclude>
    <ClInclude Include="Physics.h">
      <Filter>Physics</Filter>
    </ClInclude>
    <ClInclude Include="ResourceManager.h">
      <Filter>Resource</Filter>
    </ClInclude>
    <ClInclude Include="Vector2D.h">
      <Filter>Physics</Filter>
    </ClInclude>
    <ClInclude Include="..\..\winAPI_Library\winAPI_Library\Singleton.h">
      <Filter>Component</Filter>
    </ClInclude>
    <ClInclude Include="Collider2D.h">
      <Filter>Physics</Filter>
    </ClInclude>
    <ClInclude Include="Transform.h">
      <Filter>Physics</Filter>
    </ClInclude>
    <ClInclude Include="FileStreamManager.h" />
    <ClInclude Include="YRect.h" />
    <ClInclude Include="Animator.h">
      <Filter>Resource</Filter>
    </ClInclude>
  </ItemGroup>
</Project>